// !$*UTF8*$!
{
	archiveVersion = 1;
	classes = {
	};
	objectVersion = 56;
	objects = {

/* Begin PBXBuildFile section */
		26EA38052C1D020200771BF7 /* DHAppFApp.swift in Sources */ = {isa = PBXBuildFile; fileRef = 26EA38042C1D020200771BF7 /* DHAppFApp.swift */; };
		26EA38072C1D020200771BF7 /* ContentView.swift in Sources */ = {isa = PBXBuildFile; fileRef = 26EA38062C1D020200771BF7 /* ContentView.swift */; };
		26EA38092C1D020400771BF7 /* Assets.xcassets in Resources */ = {isa = PBXBuildFile; fileRef = 26EA38082C1D020400771BF7 /* Assets.xcassets */; };
		26EA380C2C1D020400771BF7 /* Preview Assets.xcassets in Resources */ = {isa = PBXBuildFile; fileRef = 26EA380B2C1D020400771BF7 /* Preview Assets.xcassets */; };
		26EA38132C1D023600771BF7 /* OpeningVIew.swift in Sources */ = {isa = PBXBuildFile; fileRef = 26EA38122C1D023600771BF7 /* OpeningVIew.swift */; };
		26EA38192C1D026F00771BF7 /* NewItemView.swift in Sources */ = {isa = PBXBuildFile; fileRef = 26EA38182C1D026F00771BF7 /* NewItemView.swift */; };
		26EA381B2C1D027A00771BF7 /* MenuView.swift in Sources */ = {isa = PBXBuildFile; fileRef = 26EA381A2C1D027A00771BF7 /* MenuView.swift */; };
		26EA381D2C1D028400771BF7 /* settings.swift in Sources */ = {isa = PBXBuildFile; fileRef = 26EA381C2C1D028400771BF7 /* settings.swift */; };
		26EA38202C1D02A100771BF7 /* MenuItem.swift in Sources */ = {isa = PBXBuildFile; fileRef = 26EA381F2C1D02A100771BF7 /* MenuItem.swift */; };
		26EA38222C1D02B200771BF7 /* MenuViewModel.swift in Sources */ = {isa = PBXBuildFile; fileRef = 26EA38212C1D02B200771BF7 /* MenuViewModel.swift */; };
		26EA38272C1D02D800771BF7 /* MenuDetailView.swift in Sources */ = {isa = PBXBuildFile; fileRef = 26EA38262C1D02D800771BF7 /* MenuDetailView.swift */; };
		26EA382A2C1D02F400771BF7 /* Auth in Frameworks */ = {isa = PBXBuildFile; productRef = 26EA38292C1D02F400771BF7 /* Auth */; };
		26EA382C2C1D02F400771BF7 /* Functions in Frameworks */ = {isa = PBXBuildFile; productRef = 26EA382B2C1D02F400771BF7 /* Functions */; };
		26EA382E2C1D02F400771BF7 /* PostgREST in Frameworks */ = {isa = PBXBuildFile; productRef = 26EA382D2C1D02F400771BF7 /* PostgREST */; };
		26EA38302C1D02F400771BF7 /* Realtime in Frameworks */ = {isa = PBXBuildFile; productRef = 26EA382F2C1D02F400771BF7 /* Realtime */; };
		26EA38322C1D02F400771BF7 /* Storage in Frameworks */ = {isa = PBXBuildFile; productRef = 26EA38312C1D02F400771BF7 /* Storage */; };
		26EA38342C1D02F400771BF7 /* Supabase in Frameworks */ = {isa = PBXBuildFile; productRef = 26EA38332C1D02F400771BF7 /* Supabase */; };
		26EA38362C1D02FE00771BF7 /* Supabase.swift in Sources */ = {isa = PBXBuildFile; fileRef = 26EA38352C1D02FE00771BF7 /* Supabase.swift */; };
		26EA38382C1D030C00771BF7 /* LoginView.swift in Sources */ = {isa = PBXBuildFile; fileRef = 26EA38372C1D030C00771BF7 /* LoginView.swift */; };
		26EA383A2C1D05E100771BF7 /* ItemView.swift in Sources */ = {isa = PBXBuildFile; fileRef = 26EA38392C1D05E100771BF7 /* ItemView.swift */; };
/* End PBXBuildFile section */

/* Begin PBXFileReference section */
		26EA38012C1D020200771BF7 /* DHAppF.app */ = {isa = PBXFileReference; explicitFileType = wrapper.application; includeInIndex = 0; path = DHAppF.app; sourceTree = BUILT_PRODUCTS_DIR; };
		26EA38042C1D020200771BF7 /* DHAppFApp.swift */ = {isa = PBXFileReference; lastKnownFileType = sourcecode.swift; path = DHAppFApp.swift; sourceTree = "<group>"; };
		26EA38062C1D020200771BF7 /* ContentView.swift */ = {isa = PBXFileReference; lastKnownFileType = sourcecode.swift; path = ContentView.swift; sourceTree = "<group>"; };
		26EA38082C1D020400771BF7 /* Assets.xcassets */ = {isa = PBXFileReference; lastKnownFileType = folder.assetcatalog; path = Assets.xcassets; sourceTree = "<group>"; };
		26EA380B2C1D020400771BF7 /* Preview Assets.xcassets */ = {isa = PBXFileReference; lastKnownFileType = folder.assetcatalog; path = "Preview Assets.xcassets"; sourceTree = "<group>"; };
		26EA38122C1D023600771BF7 /* OpeningVIew.swift */ = {isa = PBXFileReference; lastKnownFileType = sourcecode.swift; path = OpeningVIew.swift; sourceTree = "<group>"; };
		26EA38182C1D026F00771BF7 /* NewItemView.swift */ = {isa = PBXFileReference; lastKnownFileType = sourcecode.swift; path = NewItemView.swift; sourceTree = "<group>"; };
		26EA381A2C1D027A00771BF7 /* MenuView.swift */ = {isa = PBXFileReference; lastKnownFileType = sourcecode.swift; path = MenuView.swift; sourceTree = "<group>"; };
		26EA381C2C1D028400771BF7 /* settings.swift */ = {isa = PBXFileReference; lastKnownFileType = sourcecode.swift; path = settings.swift; sourceTree = "<group>"; };
		26EA381F2C1D02A100771BF7 /* MenuItem.swift */ = {isa = PBXFileReference; lastKnownFileType = sourcecode.swift; path = MenuItem.swift; sourceTree = "<group>"; };
		26EA38212C1D02B200771BF7 /* MenuViewModel.swift */ = {isa = PBXFileReference; lastKnownFileType = sourcecode.swift; path = MenuViewModel.swift; sourceTree = "<group>"; };
		26EA38262C1D02D800771BF7 /* MenuDetailView.swift */ = {isa = PBXFileReference; lastKnownFileType = sourcecode.swift; path = MenuDetailView.swift; sourceTree = "<group>"; };
		26EA38352C1D02FE00771BF7 /* Supabase.swift */ = {isa = PBXFileReference; lastKnownFileType = sourcecode.swift; path = Supabase.swift; sourceTree = "<group>"; };
		26EA38372C1D030C00771BF7 /* LoginView.swift */ = {isa = PBXFileReference; lastKnownFileType = sourcecode.swift; path = LoginView.swift; sourceTree = "<group>"; };
		26EA38392C1D05E100771BF7 /* ItemView.swift */ = {isa = PBXFileReference; lastKnownFileType = sourcecode.swift; path = ItemView.swift; sourceTree = "<group>"; };
/* End PBXFileReference section */

/* Begin PBXFrameworksBuildPhase section */
		26EA37FE2C1D020200771BF7 /* Frameworks */ = {
			isa = PBXFrameworksBuildPhase;
			buildActionMask = 2147483647;
			files = (
				26EA382E2C1D02F400771BF7 /* PostgREST in Frameworks */,
				26EA382C2C1D02F400771BF7 /* Functions in Frameworks */,
				26EA38342C1D02F400771BF7 /* Supabase in Frameworks */,
				26EA382A2C1D02F400771BF7 /* Auth in Frameworks */,
				26EA38322C1D02F400771BF7 /* Storage in Frameworks */,
				26EA38302C1D02F400771BF7 /* Realtime in Frameworks */,
			);
			runOnlyForDeploymentPostprocessing = 0;
		};
/* End PBXFrameworksBuildPhase section */

/* Begin PBXGroup section */
		26EA37F82C1D020200771BF7 = {
			isa = PBXGroup;
			children = (
				26EA38032C1D020200771BF7 /* DHAppF */,
				26EA38022C1D020200771BF7 /* Products */,
			);
			sourceTree = "<group>";
		};
		26EA38022C1D020200771BF7 /* Products */ = {
			isa = PBXGroup;
			children = (
				26EA38012C1D020200771BF7 /* DHAppF.app */,
			);
			name = Products;
			sourceTree = "<group>";
		};
		26EA38032C1D020200771BF7 /* DHAppF */ = {
			isa = PBXGroup;
			children = (
				26EA38042C1D020200771BF7 /* DHAppFApp.swift */,
				26EA38122C1D023600771BF7 /* OpeningVIew.swift */,
				26EA38062C1D020200771BF7 /* ContentView.swift */,
				26EA383B2C1D0F3900771BF7 /* ViewModel */,
				26EA38172C1D026200771BF7 /* Tabs */,
				26EA38232C1D02C200771BF7 /* Views */,
				26EA381E2C1D028C00771BF7 /* Model */,
				26EA38082C1D020400771BF7 /* Assets.xcassets */,
				26EA380A2C1D020400771BF7 /* Preview Content */,
				26EA38352C1D02FE00771BF7 /* Supabase.swift */,
				26EA38372C1D030C00771BF7 /* LoginView.swift */,
			);
			path = DHAppF;
			sourceTree = "<group>";
		};
		26EA380A2C1D020400771BF7 /* Preview Content */ = {
			isa = PBXGroup;
			children = (
				26EA380B2C1D020400771BF7 /* Preview Assets.xcassets */,
			);
			path = "Preview Content";
			sourceTree = "<group>";
		};
		26EA38172C1D026200771BF7 /* Tabs */ = {
			isa = PBXGroup;
			children = (
				26EA38182C1D026F00771BF7 /* NewItemView.swift */,
				26EA38392C1D05E100771BF7 /* ItemView.swift */,
				26EA381A2C1D027A00771BF7 /* MenuView.swift */,
				26EA381C2C1D028400771BF7 /* settings.swift */,
			);
			path = Tabs;
			sourceTree = "<group>";
		};
		26EA381E2C1D028C00771BF7 /* Model */ = {
			isa = PBXGroup;
			children = (
				26EA381F2C1D02A100771BF7 /* MenuItem.swift */,
			);
			path = Model;
			sourceTree = "<group>";
		};
		26EA38232C1D02C200771BF7 /* Views */ = {
			isa = PBXGroup;
			children = (
				26EA38262C1D02D800771BF7 /* MenuDetailView.swift */,
			);
			path = Views;
			sourceTree = "<group>";
		};
		26EA383B2C1D0F3900771BF7 /* ViewModel */ = {
			isa = PBXGroup;
			children = (
				26EA38212C1D02B200771BF7 /* MenuViewModel.swift */,
			);
			path = ViewModel;
			sourceTree = "<group>";
		};
/* End PBXGroup section */

/* Begin PBXNativeTarget section */
		26EA38002C1D020200771BF7 /* DHAppF */ = {
			isa = PBXNativeTarget;
			buildConfigurationList = 26EA380F2C1D020400771BF7 /* Build configuration list for PBXNativeTarget "DHAppF" */;
			buildPhases = (
				26EA37FD2C1D020200771BF7 /* Sources */,
				26EA37FE2C1D020200771BF7 /* Frameworks */,
				26EA37FF2C1D020200771BF7 /* Resources */,
			);
			buildRules = (
			);
			dependencies = (
			);
			name = DHAppF;
			packageProductDependencies = (
				26EA38292C1D02F400771BF7 /* Auth */,
				26EA382B2C1D02F400771BF7 /* Functions */,
				26EA382D2C1D02F400771BF7 /* PostgREST */,
				26EA382F2C1D02F400771BF7 /* Realtime */,
				26EA38312C1D02F400771BF7 /* Storage */,
				26EA38332C1D02F400771BF7 /* Supabase */,
			);
			productName = DHAppF;
			productReference = 26EA38012C1D020200771BF7 /* DHAppF.app */;
			productType = "com.apple.product-type.application";
		};
/* End PBXNativeTarget section */

/* Begin PBXProject section */
		26EA37F92C1D020200771BF7 /* Project object */ = {
			isa = PBXProject;
			attributes = {
				BuildIndependentTargetsInParallel = 1;
				LastSwiftUpdateCheck = 1540;
				LastUpgradeCheck = 1540;
				TargetAttributes = {
					26EA38002C1D020200771BF7 = {
						CreatedOnToolsVersion = 15.4;
					};
				};
			};
			buildConfigurationList = 26EA37FC2C1D020200771BF7 /* Build configuration list for PBXProject "DHAppF" */;
			compatibilityVersion = "Xcode 14.0";
			developmentRegion = en;
			hasScannedForEncodings = 0;
			knownRegions = (
				en,
				Base,
			);
			mainGroup = 26EA37F82C1D020200771BF7;
			packageReferences = (
				26EA38282C1D02F400771BF7 /* XCRemoteSwiftPackageReference "supabase-swift" */,
			);
			productRefGroup = 26EA38022C1D020200771BF7 /* Products */;
			projectDirPath = "";
			projectRoot = "";
			targets = (
				26EA38002C1D020200771BF7 /* DHAppF */,
			);
		};
/* End PBXProject section */

/* Begin PBXResourcesBuildPhase section */
		26EA37FF2C1D020200771BF7 /* Resources */ = {
			isa = PBXResourcesBuildPhase;
			buildActionMask = 2147483647;
			files = (
				26EA380C2C1D020400771BF7 /* Preview Assets.xcassets in Resources */,
				26EA38092C1D020400771BF7 /* Assets.xcassets in Resources */,
			);
			runOnlyForDeploymentPostprocessing = 0;
		};
/* End PBXResourcesBuildPhase section */

/* Begin PBXSourcesBuildPhase section */
		26EA37FD2C1D020200771BF7 /* Sources */ = {
			isa = PBXSourcesBuildPhase;
			buildActionMask = 2147483647;
			files = (
				26EA38202C1D02A100771BF7 /* MenuItem.swift in Sources */,
				26EA38192C1D026F00771BF7 /* NewItemView.swift in Sources */,
				26EA38132C1D023600771BF7 /* OpeningVIew.swift in Sources */,
				26EA38272C1D02D800771BF7 /* MenuDetailView.swift in Sources */,
				26EA381D2C1D028400771BF7 /* settings.swift in Sources */,
				26EA38362C1D02FE00771BF7 /* Supabase.swift in Sources */,
				26EA38072C1D020200771BF7 /* ContentView.swift in Sources */,
				26EA383A2C1D05E100771BF7 /* ItemView.swift in Sources */,
				26EA381B2C1D027A00771BF7 /* MenuView.swift in Sources */,
				26EA38382C1D030C00771BF7 /* LoginView.swift in Sources */,
				26EA38052C1D020200771BF7 /* DHAppFApp.swift in Sources */,
				26EA38222C1D02B200771BF7 /* MenuViewModel.swift in Sources */,
			);
			runOnlyForDeploymentPostprocessing = 0;
		};
/* End PBXSourcesBuildPhase section */

/* Begin XCBuildConfiguration section */
		26EA380D2C1D020400771BF7 /* Debug */ = {
			isa = XCBuildConfiguration;
			buildSettings = {
				ALWAYS_SEARCH_USER_PATHS = NO;
				ASSETCATALOG_COMPILER_GENERATE_SWIFT_ASSET_SYMBOL_EXTENSIONS = YES;
				CLANG_ANALYZER_NONNULL = YES;
				CLANG_ANALYZER_NUMBER_OBJECT_CONVERSION = YES_AGGRESSIVE;
				CLANG_CXX_LANGUAGE_STANDARD = "gnu++20";
				CLANG_ENABLE_MODULES = YES;
				CLANG_ENABLE_OBJC_ARC = YES;
				CLANG_ENABLE_OBJC_WEAK = YES;
				CLANG_WARN_BLOCK_CAPTURE_AUTORELEASING = YES;
				CLANG_WARN_BOOL_CONVERSION = YES;
				CLANG_WARN_COMMA = YES;
				CLANG_WARN_CONSTANT_CONVERSION = YES;
				CLANG_WARN_DEPRECATED_OBJC_IMPLEMENTATIONS = YES;
				CLANG_WARN_DIRECT_OBJC_ISA_USAGE = YES_ERROR;
				CLANG_WARN_DOCUMENTATION_COMMENTS = YES;
				CLANG_WARN_EMPTY_BODY = YES;
				CLANG_WARN_ENUM_CONVERSION = YES;
				CLANG_WARN_INFINITE_RECURSION = YES;
				CLANG_WARN_INT_CONVERSION = YES;
				CLANG_WARN_NON_LITERAL_NULL_CONVERSION = YES;
				CLANG_WARN_OBJC_IMPLICIT_RETAIN_SELF = YES;
				CLANG_WARN_OBJC_LITERAL_CONVERSION = YES;
				CLANG_WARN_OBJC_ROOT_CLASS = YES_ERROR;
				CLANG_WARN_QUOTED_INCLUDE_IN_FRAMEWORK_HEADER = YES;
				CLANG_WARN_RANGE_LOOP_ANALYSIS = YES;
				CLANG_WARN_STRICT_PROTOTYPES = YES;
				CLANG_WARN_SUSPICIOUS_MOVE = YES;
				CLANG_WARN_UNGUARDED_AVAILABILITY = YES_AGGRESSIVE;
				CLANG_WARN_UNREACHABLE_CODE = YES;
				CLANG_WARN__DUPLICATE_METHOD_MATCH = YES;
				COPY_PHASE_STRIP = NO;
				DEBUG_INFORMATION_FORMAT = dwarf;
				ENABLE_STRICT_OBJC_MSGSEND = YES;
				ENABLE_TESTABILITY = YES;
				ENABLE_USER_SCRIPT_SANDBOXING = YES;
				GCC_C_LANGUAGE_STANDARD = gnu17;
				GCC_DYNAMIC_NO_PIC = NO;
				GCC_NO_COMMON_BLOCKS = YES;
				GCC_OPTIMIZATION_LEVEL = 0;
				GCC_PREPROCESSOR_DEFINITIONS = (
					"DEBUG=1",
					"$(inherited)",
				);
				GCC_WARN_64_TO_32_BIT_CONVERSION = YES;
				GCC_WARN_ABOUT_RETURN_TYPE = YES_ERROR;
				GCC_WARN_UNDECLARED_SELECTOR = YES;
				GCC_WARN_UNINITIALIZED_AUTOS = YES_AGGRESSIVE;
				GCC_WARN_UNUSED_FUNCTION = YES;
				GCC_WARN_UNUSED_VARIABLE = YES;
				IPHONEOS_DEPLOYMENT_TARGET = 17.5;
				LOCALIZATION_PREFERS_STRING_CATALOGS = YES;
				MTL_ENABLE_DEBUG_INFO = INCLUDE_SOURCE;
				MTL_FAST_MATH = YES;
				ONLY_ACTIVE_ARCH = YES;
				SDKROOT = iphoneos;
				SWIFT_ACTIVE_COMPILATION_CONDITIONS = "DEBUG $(inherited)";
				SWIFT_OPTIMIZATION_LEVEL = "-Onone";
			};
			name = Debug;
		};
		26EA380E2C1D020400771BF7 /* Release */ = {
			isa = XCBuildConfiguration;
			buildSettings = {
				ALWAYS_SEARCH_USER_PATHS = NO;
				ASSETCATALOG_COMPILER_GENERATE_SWIFT_ASSET_SYMBOL_EXTENSIONS = YES;
				CLANG_ANALYZER_NONNULL = YES;
				CLANG_ANALYZER_NUMBER_OBJECT_CONVERSION = YES_AGGRESSIVE;
				CLANG_CXX_LANGUAGE_STANDARD = "gnu++20";
				CLANG_ENABLE_MODULES = YES;
				CLANG_ENABLE_OBJC_ARC = YES;
				CLANG_ENABLE_OBJC_WEAK = YES;
				CLANG_WARN_BLOCK_CAPTURE_AUTORELEASING = YES;
				CLANG_WARN_BOOL_CONVERSION = YES;
				CLANG_WARN_COMMA = YES;
				CLANG_WARN_CONSTANT_CONVERSION = YES;
				CLANG_WARN_DEPRECATED_OBJC_IMPLEMENTATIONS = YES;
				CLANG_WARN_DIRECT_OBJC_ISA_USAGE = YES_ERROR;
				CLANG_WARN_DOCUMENTATION_COMMENTS = YES;
				CLANG_WARN_EMPTY_BODY = YES;
				CLANG_WARN_ENUM_CONVERSION = YES;
				CLANG_WARN_INFINITE_RECURSION = YES;
				CLANG_WARN_INT_CONVERSION = YES;
				CLANG_WARN_NON_LITERAL_NULL_CONVERSION = YES;
				CLANG_WARN_OBJC_IMPLICIT_RETAIN_SELF = YES;
				CLANG_WARN_OBJC_LITERAL_CONVERSION = YES;
				CLANG_WARN_OBJC_ROOT_CLASS = YES_ERROR;
				CLANG_WARN_QUOTED_INCLUDE_IN_FRAMEWORK_HEADER = YES;
				CLANG_WARN_RANGE_LOOP_ANALYSIS = YES;
				CLANG_WARN_STRICT_PROTOTYPES = YES;
				CLANG_WARN_SUSPICIOUS_MOVE = YES;
				CLANG_WARN_UNGUARDED_AVAILABILITY = YES_AGGRESSIVE;
				CLANG_WARN_UNREACHABLE_CODE = YES;
				CLANG_WARN__DUPLICATE_METHOD_MATCH = YES;
				COPY_PHASE_STRIP = NO;
				DEBUG_INFORMATION_FORMAT = "dwarf-with-dsym";
				ENABLE_NS_ASSERTIONS = NO;
				ENABLE_STRICT_OBJC_MSGSEND = YES;
				ENABLE_USER_SCRIPT_SANDBOXING = YES;
				GCC_C_LANGUAGE_STANDARD = gnu17;
				GCC_NO_COMMON_BLOCKS = YES;
				GCC_WARN_64_TO_32_BIT_CONVERSION = YES;
				GCC_WARN_ABOUT_RETURN_TYPE = YES_ERROR;
				GCC_WARN_UNDECLARED_SELECTOR = YES;
				GCC_WARN_UNINITIALIZED_AUTOS = YES_AGGRESSIVE;
				GCC_WARN_UNUSED_FUNCTION = YES;
				GCC_WARN_UNUSED_VARIABLE = YES;
				IPHONEOS_DEPLOYMENT_TARGET = 17.5;
				LOCALIZATION_PREFERS_STRING_CATALOGS = YES;
				MTL_ENABLE_DEBUG_INFO = NO;
				MTL_FAST_MATH = YES;
				SDKROOT = iphoneos;
				SWIFT_COMPILATION_MODE = wholemodule;
				VALIDATE_PRODUCT = YES;
			};
			name = Release;
		};
		26EA38102C1D020400771BF7 /* Debug */ = {
			isa = XCBuildConfiguration;
			buildSettings = {
				ASSETCATALOG_COMPILER_APPICON_NAME = AppIcon;
				ASSETCATALOG_COMPILER_GLOBAL_ACCENT_COLOR_NAME = AccentColor;
				CODE_SIGN_STYLE = Automatic;
				CURRENT_PROJECT_VERSION = 1;
				DEVELOPMENT_ASSET_PATHS = "\"DHAppF/Preview Content\"";
				DEVELOPMENT_TEAM = JP3ZF8X8PA;
				ENABLE_PREVIEWS = YES;
				GENERATE_INFOPLIST_FILE = YES;
				INFOPLIST_KEY_UIApplicationSceneManifest_Generation = YES;
				INFOPLIST_KEY_UIApplicationSupportsIndirectInputEvents = YES;
				INFOPLIST_KEY_UILaunchScreen_Generation = YES;
				INFOPLIST_KEY_UISupportedInterfaceOrientations_iPad = "UIInterfaceOrientationPortrait UIInterfaceOrientationPortraitUpsideDown UIInterfaceOrientationLandscapeLeft UIInterfaceOrientationLandscapeRight";
				INFOPLIST_KEY_UISupportedInterfaceOrientations_iPhone = "UIInterfaceOrientationPortrait UIInterfaceOrientationLandscapeLeft UIInterfaceOrientationLandscapeRight";
				LD_RUNPATH_SEARCH_PATHS = (
					"$(inherited)",
					"@executable_path/Frameworks",
				);
				MARKETING_VERSION = 1.0;
				PRODUCT_BUNDLE_IDENTIFIER = ca.kakaka.DHAppF;
				PRODUCT_NAME = "$(TARGET_NAME)";
				SWIFT_EMIT_LOC_STRINGS = YES;
				SWIFT_VERSION = 5.0;
				TARGETED_DEVICE_FAMILY = "1,2";
			};
			name = Debug;
		};
		26EA38112C1D020400771BF7 /* Release */ = {
			isa = XCBuildConfiguration;
			buildSettings = {
				ASSETCATALOG_COMPILER_APPICON_NAME = AppIcon;
				ASSETCATALOG_COMPILER_GLOBAL_ACCENT_COLOR_NAME = AccentColor;
				CODE_SIGN_STYLE = Automatic;
				CURRENT_PROJECT_VERSION = 1;
				DEVELOPMENT_ASSET_PATHS = "\"DHAppF/Preview Content\"";
				DEVELOPMENT_TEAM = JP3ZF8X8PA;
				ENABLE_PREVIEWS = YES;
				GENERATE_INFOPLIST_FILE = YES;
				INFOPLIST_KEY_UIApplicationSceneManifest_Generation = YES;
				INFOPLIST_KEY_UIApplicationSupportsIndirectInputEvents = YES;
				INFOPLIST_KEY_UILaunchScreen_Generation = YES;
				INFOPLIST_KEY_UISupportedInterfaceOrientations_iPad = "UIInterfaceOrientationPortrait UIInterfaceOrientationPortraitUpsideDown UIInterfaceOrientationLandscapeLeft UIInterfaceOrientationLandscapeRight";
				INFOPLIST_KEY_UISupportedInterfaceOrientations_iPhone = "UIInterfaceOrientationPortrait UIInterfaceOrientationLandscapeLeft UIInterfaceOrientationLandscapeRight";
				LD_RUNPATH_SEARCH_PATHS = (
					"$(inherited)",
					"@executable_path/Frameworks",
				);
				MARKETING_VERSION = 1.0;
				PRODUCT_BUNDLE_IDENTIFIER = ca.kakaka.DHAppF;
				PRODUCT_NAME = "$(TARGET_NAME)";
				SWIFT_EMIT_LOC_STRINGS = YES;
				SWIFT_VERSION = 5.0;
				TARGETED_DEVICE_FAMILY = "1,2";
			};
			name = Release;
		};
/* End XCBuildConfiguration section */

/* Begin XCConfigurationList section */
		26EA37FC2C1D020200771BF7 /* Build configuration list for PBXProject "DHAppF" */ = {
			isa = XCConfigurationList;
			buildConfigurations = (
				26EA380D2C1D020400771BF7 /* Debug */,
				26EA380E2C1D020400771BF7 /* Release */,
			);
			defaultConfigurationIsVisible = 0;
			defaultConfigurationName = Release;
		};
		26EA380F2C1D020400771BF7 /* Build configuration list for PBXNativeTarget "DHAppF" */ = {
			isa = XCConfigurationList;
			buildConfigurations = (
				26EA38102C1D020400771BF7 /* Debug */,
				26EA38112C1D020400771BF7 /* Release */,
			);
			defaultConfigurationIsVisible = 0;
			defaultConfigurationName = Release;
		};
/* End XCConfigurationList section */

/* Begin XCRemoteSwiftPackageReference section */
		26EA38282C1D02F400771BF7 /* XCRemoteSwiftPackageReference "supabase-swift" */ = {
			isa = XCRemoteSwiftPackageReference;
			repositoryURL = "https://github.com/supabase-community/supabase-swift";
			requirement = {
				kind = upToNextMajorVersion;
				minimumVersion = 2.5.1;
			};
		};
/* End XCRemoteSwiftPackageReference section */

/* Begin XCSwiftPackageProductDependency section */
		26EA38292C1D02F400771BF7 /* Auth */ = {
			isa = XCSwiftPackageProductDependency;
			package = 26EA38282C1D02F400771BF7 /* XCRemoteSwiftPackageReference "supabase-swift" */;
			productName = Auth;
		};
		26EA382B2C1D02F400771BF7 /* Functions */ = {
			isa = XCSwiftPackageProductDependency;
			package = 26EA38282C1D02F400771BF7 /* XCRemoteSwiftPackageReference "supabase-swift" */;
			productName = Functions;
		};
		26EA382D2C1D02F400771BF7 /* PostgREST */ = {
			isa = XCSwiftPackageProductDependency;
			package = 26EA38282C1D02F400771BF7 /* XCRemoteSwiftPackageReference "supabase-swift" */;
			productName = PostgREST;
		};
		26EA382F2C1D02F400771BF7 /* Realtime */ = {
			isa = XCSwiftPackageProductDependency;
			package = 26EA38282C1D02F400771BF7 /* XCRemoteSwiftPackageReference "supabase-swift" */;
			productName = Realtime;
		};
		26EA38312C1D02F400771BF7 /* Storage */ = {
			isa = XCSwiftPackageProductDependency;
			package = 26EA38282C1D02F400771BF7 /* XCRemoteSwiftPackageReference "supabase-swift" */;
			productName = Storage;
		};
		26EA38332C1D02F400771BF7 /* Supabase */ = {
			isa = XCSwiftPackageProductDependency;
			package = 26EA38282C1D02F400771BF7 /* XCRemoteSwiftPackageReference "supabase-swift" */;
			productName = Supabase;
		};
/* End XCSwiftPackageProductDependency section */
	};
	rootObject = 26EA37F92C1D020200771BF7 /* Project object */;
}
